
Microsoft Visual Studio Solution File, Format Version 12.00
# Visual Studio Version 16
VisualStudioVersion = 16.0.30517.126
MinimumVisualStudioVersion = 10.0.40219.1
Project("{FAE04EC0-301F-11D3-BF4B-00C04F79EFBC}") = "MCServerLib", "MCServer\MCServerLib.csproj", "{593115F4-66EF-46A9-B120-5BF212AEDB34}"
EndProject
Project("{FAE04EC0-301F-11D3-BF4B-00C04F79EFBC}") = "MCServerExample", "MCServerExample\MCServerExample.csproj", "{5254B62E-1231-4754-B00E-D145FCA589A0}"
EndProject
Global
	GlobalSection(SolutionConfigurationPlatforms) = preSolution
		Debug|Any CPU = Debug|Any CPU
		Release|Any CPU = Release|Any CPU
	EndGlobalSection
	GlobalSection(ProjectConfigurationPlatforms) = postSolution
		{593115F4-66EF-46A9-B120-5BF212AEDB34}.Debug|Any CPU.ActiveCfg = Debug|Any CPU
		{593115F4-66EF-46A9-B120-5BF212AEDB34}.Debug|Any CPU.Build.0 = Debug|Any CPU
		{593115F4-66EF-46A9-B120-5BF212AEDB34}.Release|Any CPU.ActiveCfg = Release|Any CPU
		{593115F4-66EF-46A9-B120-5BF212AEDB34}.Release|Any CPU.Build.0 = Release|Any CPU
		{5254B62E-1231-4754-B00E-D145FCA589A0}.Debug|Any CPU.ActiveCfg = Debug|Any CPU
		{5254B62E-1231-4754-B00E-D145FCA589A0}.Debug|Any CPU.Build.0 = Debug|Any CPU
		{5254B62E-1231-4754-B00E-D145FCA589A0}.Release|Any CPU.ActiveCfg = Release|Any CPU
		{5254B62E-1231-4754-B00E-D145FCA589A0}.Release|Any CPU.Build.0 = Release|Any CPU
	EndGlobalSection
	GlobalSection(SolutionProperties) = preSolution
		HideSolutionNode = FALSE
	EndGlobalSection
	GlobalSection(ExtensibilityGlobals) = postSolution
		SolutionGuid = {A2A1DBFC-23DA-42EA-8392-32441BD515D9}
	EndGlobalSection
EndGlobal
